// !$*UTF8*$!
{
	archiveVersion = 1;
	classes = {
	};
	objectVersion = 46;
	objects = {

/* Begin PBXBuildFile section */
		BC1EFA1D17E6AE1200DBB53D /* camera.png in Resources */ = {isa = PBXBuildFile; fileRef = BC1EFA1C17E6AE1200DBB53D /* camera.png */; };
		BC1EFA1F17E6C0F300DBB53D /* bg.jpg in Resources */ = {isa = PBXBuildFile; fileRef = BC1EFA1E17E6C0F300DBB53D /* bg.jpg */; };
		BC7A69CA17E651F3008771FD /* Foundation.framework in Frameworks */ = {isa = PBXBuildFile; fileRef = BC7A69C917E651F3008771FD /* Foundation.framework */; };
		BC7A69CC17E651F3008771FD /* CoreGraphics.framework in Frameworks */ = {isa = PBXBuildFile; fileRef = BC7A69CB17E651F3008771FD /* CoreGraphics.framework */; };
		BC7A69CE17E651F3008771FD /* UIKit.framework in Frameworks */ = {isa = PBXBuildFile; fileRef = BC7A69CD17E651F3008771FD /* UIKit.framework */; };
		BC7A69D417E651F4008771FD /* InfoPlist.strings in Resources */ = {isa = PBXBuildFile; fileRef = BC7A69D217E651F4008771FD /* InfoPlist.strings */; };
		BC7A69D617E651F4008771FD /* main.m in Sources */ = {isa = PBXBuildFile; fileRef = BC7A69D517E651F4008771FD /* main.m */; };
		BC7A69DA17E651F4008771FD /* AppDelegate.m in Sources */ = {isa = PBXBuildFile; fileRef = BC7A69D917E651F4008771FD /* AppDelegate.m */; };
		BC7A69DD17E651F4008771FD /* Main.storyboard in Resources */ = {isa = PBXBuildFile; fileRef = BC7A69DB17E651F4008771FD /* Main.storyboard */; };
		BC7A69E017E651F4008771FD /* ViewController.m in Sources */ = {isa = PBXBuildFile; fileRef = BC7A69DF17E651F4008771FD /* ViewController.m */; };
		BC7A69E217E651F4008771FD /* Images.xcassets in Resources */ = {isa = PBXBuildFile; fileRef = BC7A69E117E651F4008771FD /* Images.xcassets */; };
		BC7A69E917E651F4008771FD /* XCTest.framework in Frameworks */ = {isa = PBXBuildFile; fileRef = BC7A69E817E651F4008771FD /* XCTest.framework */; };
		BC7A69EA17E651F4008771FD /* Foundation.framework in Frameworks */ = {isa = PBXBuildFile; fileRef = BC7A69C917E651F3008771FD /* Foundation.framework */; };
		BC7A69EB17E651F4008771FD /* UIKit.framework in Frameworks */ = {isa = PBXBuildFile; fileRef = BC7A69CD17E651F3008771FD /* UIKit.framework */; };
		BC7A69F317E651F4008771FD /* InfoPlist.strings in Resources */ = {isa = PBXBuildFile; fileRef = BC7A69F117E651F4008771FD /* InfoPlist.strings */; };
		BC7A69F517E651F4008771FD /* ParkAlarmTests.m in Sources */ = {isa = PBXBuildFile; fileRef = BC7A69F417E651F4008771FD /* ParkAlarmTests.m */; };
		BC7A69FF17E65778008771FD /* sound.caf in Resources */ = {isa = PBXBuildFile; fileRef = BC7A69FE17E65778008771FD /* sound.caf */; };
		BC86E8E217EBC82F00CA792E /* libGPUImage.a in Frameworks */ = {isa = PBXBuildFile; fileRef = BC37116417EBC3A500363F3A /* libGPUImage.a */; };
		BC86E8E417EBC84C00CA792E /* CoreMedia.framework in Frameworks */ = {isa = PBXBuildFile; fileRef = BC86E8E317EBC84C00CA792E /* CoreMedia.framework */; };
		BC86E8E617EBC86200CA792E /* CoreVideo.framework in Frameworks */ = {isa = PBXBuildFile; fileRef = BC86E8E517EBC86200CA792E /* CoreVideo.framework */; };
		BC86E8E817EBC86B00CA792E /* OpenGLES.framework in Frameworks */ = {isa = PBXBuildFile; fileRef = BC86E8E717EBC86B00CA792E /* OpenGLES.framework */; };
		BC86E8EA17EBC87200CA792E /* AVFoundation.framework in Frameworks */ = {isa = PBXBuildFile; fileRef = BC86E8E917EBC87200CA792E /* AVFoundation.framework */; };
		BC86E8EC17EBC87A00CA792E /* QuartzCore.framework in Frameworks */ = {isa = PBXBuildFile; fileRef = BC86E8EB17EBC87A00CA792E /* QuartzCore.framework */; };
		BC985F2D17E821A0003A0158 /* liblept.a in Frameworks */ = {isa = PBXBuildFile; fileRef = BC985F2917E821A0003A0158 /* liblept.a */; };
		BC985F2E17E821A1003A0158 /* libtesseract_all.a in Frameworks */ = {isa = PBXBuildFile; fileRef = BC985F2A17E821A0003A0158 /* libtesseract_all.a */; };
		BC985F2F17E821A1003A0158 /* Tesseract.mm in Sources */ = {isa = PBXBuildFile; fileRef = BC985F2C17E821A0003A0158 /* Tesseract.mm */; };
		BC985F3117E821B4003A0158 /* tessdata in Resources */ = {isa = PBXBuildFile; fileRef = BC985F3017E821B4003A0158 /* tessdata */; };
/* End PBXBuildFile section */

/* Begin PBXContainerItemProxy section */
		BC37116317EBC3A500363F3A /* PBXContainerItemProxy */ = {
			isa = PBXContainerItemProxy;
			containerPortal = BC37115D17EBC3A400363F3A /* GPUImage.xcodeproj */;
			proxyType = 2;
			remoteGlobalIDString = BCF1A33414DDB1EC00852800;
			remoteInfo = GPUImage;
		};
		BC37116517EBC3A500363F3A /* PBXContainerItemProxy */ = {
			isa = PBXContainerItemProxy;
			containerPortal = BC37115D17EBC3A400363F3A /* GPUImage.xcodeproj */;
			proxyType = 2;
			remoteGlobalIDString = BCF1A34414DDB1EC00852800;
			remoteInfo = GPUImageTests;
		};
		BC37116717EBC3FD00363F3A /* PBXContainerItemProxy */ = {
			isa = PBXContainerItemProxy;
			containerPortal = BC37115D17EBC3A400363F3A /* GPUImage.xcodeproj */;
			proxyType = 1;
			remoteGlobalIDString = BCF1A33314DDB1EC00852800;
			remoteInfo = GPUImage;
		};
		BC7A69EC17E651F4008771FD /* PBXContainerItemProxy */ = {
			isa = PBXContainerItemProxy;
			containerPortal = BC7A69BE17E651F3008771FD /* Project object */;
			proxyType = 1;
			remoteGlobalIDString = BC7A69C517E651F3008771FD;
			remoteInfo = ParkAlarm;
		};
/* End PBXContainerItemProxy section */

/* Begin PBXFileReference section */
		BC1EFA1C17E6AE1200DBB53D /* camera.png */ = {isa = PBXFileReference; lastKnownFileType = image.png; path = camera.png; sourceTree = "<group>"; };
		BC1EFA1E17E6C0F300DBB53D /* bg.jpg */ = {isa = PBXFileReference; lastKnownFileType = image.jpeg; path = bg.jpg; sourceTree = "<group>"; };
		BC37115D17EBC3A400363F3A /* GPUImage.xcodeproj */ = {isa = PBXFileReference; lastKnownFileType = "wrapper.pb-project"; name = GPUImage.xcodeproj; path = submodules/GPUImage/framework/GPUImage.xcodeproj; sourceTree = "<group>"; };
		BC7A69C617E651F3008771FD /* ParkAlarm.app */ = {isa = PBXFileReference; explicitFileType = wrapper.application; includeInIndex = 0; path = ParkAlarm.app; sourceTree = BUILT_PRODUCTS_DIR; };
		BC7A69C917E651F3008771FD /* Foundation.framework */ = {isa = PBXFileReference; lastKnownFileType = wrapper.framework; name = Foundation.framework; path = System/Library/Frameworks/Foundation.framework; sourceTree = SDKROOT; };
		BC7A69CB17E651F3008771FD /* CoreGraphics.framework */ = {isa = PBXFileReference; lastKnownFileType = wrapper.framework; name = CoreGraphics.framework; path = System/Library/Frameworks/CoreGraphics.framework; sourceTree = SDKROOT; };
		BC7A69CD17E651F3008771FD /* UIKit.framework */ = {isa = PBXFileReference; lastKnownFileType = wrapper.framework; name = UIKit.framework; path = System/Library/Frameworks/UIKit.framework; sourceTree = SDKROOT; };
		BC7A69D117E651F4008771FD /* ParkAlarm-Info.plist */ = {isa = PBXFileReference; lastKnownFileType = text.plist.xml; path = "ParkAlarm-Info.plist"; sourceTree = "<group>"; };
		BC7A69D317E651F4008771FD /* en */ = {isa = PBXFileReference; lastKnownFileType = text.plist.strings; name = en; path = en.lproj/InfoPlist.strings; sourceTree = "<group>"; };
		BC7A69D517E651F4008771FD /* main.m */ = {isa = PBXFileReference; lastKnownFileType = sourcecode.c.objc; path = main.m; sourceTree = "<group>"; };
		BC7A69D717E651F4008771FD /* ParkAlarm-Prefix.pch */ = {isa = PBXFileReference; lastKnownFileType = sourcecode.c.h; path = "ParkAlarm-Prefix.pch"; sourceTree = "<group>"; };
		BC7A69D817E651F4008771FD /* AppDelegate.h */ = {isa = PBXFileReference; lastKnownFileType = sourcecode.c.h; path = AppDelegate.h; sourceTree = "<group>"; };
		BC7A69D917E651F4008771FD /* AppDelegate.m */ = {isa = PBXFileReference; lastKnownFileType = sourcecode.c.objc; path = AppDelegate.m; sourceTree = "<group>"; };
		BC7A69DC17E651F4008771FD /* Base */ = {isa = PBXFileReference; lastKnownFileType = file.storyboard; name = Base; path = Base.lproj/Main.storyboard; sourceTree = "<group>"; };
		BC7A69DE17E651F4008771FD /* ViewController.h */ = {isa = PBXFileReference; lastKnownFileType = sourcecode.c.h; path = ViewController.h; sourceTree = "<group>"; };
		BC7A69DF17E651F4008771FD /* ViewController.m */ = {isa = PBXFileReference; lastKnownFileType = sourcecode.c.objc; path = ViewController.m; sourceTree = "<group>"; };
		BC7A69E117E651F4008771FD /* Images.xcassets */ = {isa = PBXFileReference; lastKnownFileType = folder.assetcatalog; path = Images.xcassets; sourceTree = "<group>"; };
		BC7A69E717E651F4008771FD /* ParkAlarmTests.xctest */ = {isa = PBXFileReference; explicitFileType = wrapper.cfbundle; includeInIndex = 0; path = ParkAlarmTests.xctest; sourceTree = BUILT_PRODUCTS_DIR; };
		BC7A69E817E651F4008771FD /* XCTest.framework */ = {isa = PBXFileReference; lastKnownFileType = wrapper.framework; name = XCTest.framework; path = Library/Frameworks/XCTest.framework; sourceTree = DEVELOPER_DIR; };
		BC7A69F017E651F4008771FD /* ParkAlarmTests-Info.plist */ = {isa = PBXFileReference; lastKnownFileType = text.plist.xml; path = "ParkAlarmTests-Info.plist"; sourceTree = "<group>"; };
		BC7A69F217E651F4008771FD /* en */ = {isa = PBXFileReference; lastKnownFileType = text.plist.strings; name = en; path = en.lproj/InfoPlist.strings; sourceTree = "<group>"; };
		BC7A69F417E651F4008771FD /* ParkAlarmTests.m */ = {isa = PBXFileReference; lastKnownFileType = sourcecode.c.objc; path = ParkAlarmTests.m; sourceTree = "<group>"; };
		BC7A69FE17E65778008771FD /* sound.caf */ = {isa = PBXFileReference; lastKnownFileType = file; path = sound.caf; sourceTree = "<group>"; };
		BC86E8E317EBC84C00CA792E /* CoreMedia.framework */ = {isa = PBXFileReference; lastKnownFileType = wrapper.framework; name = CoreMedia.framework; path = System/Library/Frameworks/CoreMedia.framework; sourceTree = SDKROOT; };
		BC86E8E517EBC86200CA792E /* CoreVideo.framework */ = {isa = PBXFileReference; lastKnownFileType = wrapper.framework; name = CoreVideo.framework; path = System/Library/Frameworks/CoreVideo.framework; sourceTree = SDKROOT; };
		BC86E8E717EBC86B00CA792E /* OpenGLES.framework */ = {isa = PBXFileReference; lastKnownFileType = wrapper.framework; name = OpenGLES.framework; path = System/Library/Frameworks/OpenGLES.framework; sourceTree = SDKROOT; };
		BC86E8E917EBC87200CA792E /* AVFoundation.framework */ = {isa = PBXFileReference; lastKnownFileType = wrapper.framework; name = AVFoundation.framework; path = System/Library/Frameworks/AVFoundation.framework; sourceTree = SDKROOT; };
		BC86E8EB17EBC87A00CA792E /* QuartzCore.framework */ = {isa = PBXFileReference; lastKnownFileType = wrapper.framework; name = QuartzCore.framework; path = System/Library/Frameworks/QuartzCore.framework; sourceTree = SDKROOT; };
		BC985E9817E821A0003A0158 /* allheaders.h */ = {isa = PBXFileReference; fileEncoding = 4; lastKnownFileType = sourcecode.c.h; path = allheaders.h; sourceTree = "<group>"; };
		BC985E9917E821A0003A0158 /* alltypes.h */ = {isa = PBXFileReference; fileEncoding = 4; lastKnownFileType = sourcecode.c.h; path = alltypes.h; sourceTree = "<group>"; };
		BC985E9A17E821A0003A0158 /* array.h */ = {isa = PBXFileReference; fileEncoding = 4; lastKnownFileType = sourcecode.c.h; path = array.h; sourceTree = "<group>"; };
		BC985E9B17E821A0003A0158 /* arrayaccess.h */ = {isa = PBXFileReference; fileEncoding = 4; lastKnownFileType = sourcecode.c.h; path = arrayaccess.h; sourceTree = "<group>"; };
		BC985E9C17E821A0003A0158 /* bbuffer.h */ = {isa = PBXFileReference; fileEncoding = 4; lastKnownFileType = sourcecode.c.h; path = bbuffer.h; sourceTree = "<group>"; };
		BC985E9D17E821A0003A0158 /* bmf.h */ = {isa = PBXFileReference; fileEncoding = 4; lastKnownFileType = sourcecode.c.h; path = bmf.h; sourceTree = "<group>"; };
		BC985E9E17E821A0003A0158 /* bmp.h */ = {isa = PBXFileReference; fileEncoding = 4; lastKnownFileType = sourcecode.c.h; path = bmp.h; sourceTree = "<group>"; };
		BC985E9F17E821A0003A0158 /* ccbord.h */ = {isa = PBXFileReference; fileEncoding = 4; lastKnownFileType = sourcecode.c.h; path = ccbord.h; sourceTree = "<group>"; };
		BC985EA017E821A0003A0158 /* dewarp.h */ = {isa = PBXFileReference; fileEncoding = 4; lastKnownFileType = sourcecode.c.h; path = dewarp.h; sourceTree = "<group>"; };
		BC985EA117E821A0003A0158 /* endianness.h */ = {isa = PBXFileReference; fileEncoding = 4; lastKnownFileType = sourcecode.c.h; path = endianness.h; sourceTree = "<group>"; };
		BC985EA217E821A0003A0158 /* environ.h */ = {isa = PBXFileReference; fileEncoding = 4; lastKnownFileType = sourcecode.c.h; path = environ.h; sourceTree = "<group>"; };
		BC985EA317E821A0003A0158 /* freetype.h */ = {isa = PBXFileReference; fileEncoding = 4; lastKnownFileType = sourcecode.c.h; path = freetype.h; sourceTree = "<group>"; };
		BC985EA417E821A0003A0158 /* gplot.h */ = {isa = PBXFileReference; fileEncoding = 4; lastKnownFileType = sourcecode.c.h; path = gplot.h; sourceTree = "<group>"; };
		BC985EA517E821A0003A0158 /* heap.h */ = {isa = PBXFileReference; fileEncoding = 4; lastKnownFileType = sourcecode.c.h; path = heap.h; sourceTree = "<group>"; };
		BC985EA617E821A0003A0158 /* imageio.h */ = {isa = PBXFileReference; fileEncoding = 4; lastKnownFileType = sourcecode.c.h; path = imageio.h; sourceTree = "<group>"; };
		BC985EA717E821A0003A0158 /* jbclass.h */ = {isa = PBXFileReference; fileEncoding = 4; lastKnownFileType = sourcecode.c.h; path = jbclass.h; sourceTree = "<group>"; };
		BC985EA817E821A0003A0158 /* leptwin.h */ = {isa = PBXFileReference; fileEncoding = 4; lastKnownFileType = sourcecode.c.h; path = leptwin.h; sourceTree = "<group>"; };
		BC985EA917E821A0003A0158 /* list.h */ = {isa = PBXFileReference; fileEncoding = 4; lastKnownFileType = sourcecode.c.h; path = list.h; sourceTree = "<group>"; };
		BC985EAA17E821A0003A0158 /* morph.h */ = {isa = PBXFileReference; fileEncoding = 4; lastKnownFileType = sourcecode.c.h; path = morph.h; sourceTree = "<group>"; };
		BC985EAB17E821A0003A0158 /* pix.h */ = {isa = PBXFileReference; fileEncoding = 4; lastKnownFileType = sourcecode.c.h; path = pix.h; sourceTree = "<group>"; };
		BC985EAC17E821A0003A0158 /* ptra.h */ = {isa = PBXFileReference; fileEncoding = 4; lastKnownFileType = sourcecode.c.h; path = ptra.h; sourceTree = "<group>"; };
		BC985EAD17E821A0003A0158 /* queue.h */ = {isa = PBXFileReference; fileEncoding = 4; lastKnownFileType = sourcecode.c.h; path = queue.h; sourceTree = "<group>"; };
		BC985EAE17E821A0003A0158 /* readbarcode.h */ = {isa = PBXFileReference; fileEncoding = 4; lastKnownFileType = sourcecode.c.h; path = readbarcode.h; sourceTree = "<group>"; };
		BC985EAF17E821A0003A0158 /* regutils.h */ = {isa = PBXFileReference; fileEncoding = 4; lastKnownFileType = sourcecode.c.h; path = regutils.h; sourceTree = "<group>"; };
		BC985EB017E821A0003A0158 /* stack.h */ = {isa = PBXFileReference; fileEncoding = 4; lastKnownFileType = sourcecode.c.h; path = stack.h; sourceTree = "<group>"; };
		BC985EB117E821A0003A0158 /* sudoku.h */ = {isa = PBXFileReference; fileEncoding = 4; lastKnownFileType = sourcecode.c.h; path = sudoku.h; sourceTree = "<group>"; };
		BC985EB217E821A0003A0158 /* watershed.h */ = {isa = PBXFileReference; fileEncoding = 4; lastKnownFileType = sourcecode.c.h; path = watershed.h; sourceTree = "<group>"; };
		BC985EB417E821A0003A0158 /* ambigs.h */ = {isa = PBXFileReference; fileEncoding = 4; lastKnownFileType = sourcecode.c.h; path = ambigs.h; sourceTree = "<group>"; };
		BC985EB517E821A0003A0158 /* apitypes.h */ = {isa = PBXFileReference; fileEncoding = 4; lastKnownFileType = sourcecode.c.h; path = apitypes.h; sourceTree = "<group>"; };
		BC985EB617E821A0003A0158 /* baseapi.h */ = {isa = PBXFileReference; fileEncoding = 4; lastKnownFileType = sourcecode.c.h; path = baseapi.h; sourceTree = "<group>"; };
		BC985EB717E821A0003A0158 /* basedir.h */ = {isa = PBXFileReference; fileEncoding = 4; lastKnownFileType = sourcecode.c.h; path = basedir.h; sourceTree = "<group>"; };
		BC985EB817E821A0003A0158 /* bits16.h */ = {isa = PBXFileReference; fileEncoding = 4; lastKnownFileType = sourcecode.c.h; path = bits16.h; sourceTree = "<group>"; };
		BC985EB917E821A0003A0158 /* bitvector.h */ = {isa = PBXFileReference; fileEncoding = 4; lastKnownFileType = sourcecode.c.h; path = bitvector.h; sourceTree = "<group>"; };
		BC985EBA17E821A0003A0158 /* blckerr.h */ = {isa = PBXFileReference; fileEncoding = 4; lastKnownFileType = sourcecode.c.h; path = blckerr.h; sourceTree = "<group>"; };
		BC985EBB17E821A0003A0158 /* blobbox.h */ = {isa = PBXFileReference; fileEncoding = 4; lastKnownFileType = sourcecode.c.h; path = blobbox.h; sourceTree = "<group>"; };
		BC985EBC17E821A0003A0158 /* blobs.h */ = {isa = PBXFileReference; fileEncoding = 4; lastKnownFileType = sourcecode.c.h; path = blobs.h; sourceTree = "<group>"; };
		BC985EBD17E821A0003A0158 /* blread.h */ = {isa = PBXFileReference; fileEncoding = 4; lastKnownFileType = sourcecode.c.h; path = blread.h; sourceTree = "<group>"; };
		BC985EBE17E821A0003A0158 /* boxread.h */ = {isa = PBXFileReference; fileEncoding = 4; lastKnownFileType = sourcecode.c.h; path = boxread.h; sourceTree = "<group>"; };
		BC985EBF17E821A0003A0158 /* boxword.h */ = {isa = PBXFileReference; fileEncoding = 4; lastKnownFileType = sourcecode.c.h; path = boxword.h; sourceTree = "<group>"; };
		BC985EC017E821A0003A0158 /* capi.h */ = {isa = PBXFileReference; fileEncoding = 4; lastKnownFileType = sourcecode.c.h; path = capi.h; sourceTree = "<group>"; };
		BC985EC117E821A0003A0158 /* ccstruct.h */ = {isa = PBXFileReference; fileEncoding = 4; lastKnownFileType = sourcecode.c.h; path = ccstruct.h; sourceTree = "<group>"; };
		BC985EC217E821A0003A0158 /* ccutil.h */ = {isa = PBXFileReference; fileEncoding = 4; lastKnownFileType = sourcecode.c.h; path = ccutil.h; sourceTree = "<group>"; };
		BC985EC317E821A0003A0158 /* clst.h */ = {isa = PBXFileReference; fileEncoding = 4; lastKnownFileType = sourcecode.c.h; path = clst.h; sourceTree = "<group>"; };
		BC985EC417E821A0003A0158 /* control.h */ = {isa = PBXFileReference; fileEncoding = 4; lastKnownFileType = sourcecode.c.h; path = control.h; sourceTree = "<group>"; };
		BC985EC517E821A0003A0158 /* coutln.h */ = {isa = PBXFileReference; fileEncoding = 4; lastKnownFileType = sourcecode.c.h; path = coutln.h; sourceTree = "<group>"; };
		BC985EC617E821A0003A0158 /* crakedge.h */ = {isa = PBXFileReference; fileEncoding = 4; lastKnownFileType = sourcecode.c.h; path = crakedge.h; sourceTree = "<group>"; };
		BC985EC717E821A0003A0158 /* cube_reco_context.h */ = {isa = PBXFileReference; fileEncoding = 4; lastKnownFileType = sourcecode.c.h; path = cube_reco_context.h; sourceTree = "<group>"; };
		BC985EC817E821A0003A0158 /* cubeclassifier.h */ = {isa = PBXFileReference; fileEncoding = 4; lastKnownFileType = sourcecode.c.h; path = cubeclassifier.h; sourceTree = "<group>"; };
		BC985EC917E821A0003A0158 /* detlinefit.h */ = {isa = PBXFileReference; fileEncoding = 4; lastKnownFileType = sourcecode.c.h; path = detlinefit.h; sourceTree = "<group>"; };
		BC985ECA17E821A0003A0158 /* docqual.h */ = {isa = PBXFileReference; fileEncoding = 4; lastKnownFileType = sourcecode.c.h; path = docqual.h; sourceTree = "<group>"; };
		BC985ECB17E821A0003A0158 /* dppoint.h */ = {isa = PBXFileReference; fileEncoding = 4; lastKnownFileType = sourcecode.c.h; path = dppoint.h; sourceTree = "<group>"; };
		BC985ECC17E821A0003A0158 /* elst.h */ = {isa = PBXFileReference; fileEncoding = 4; lastKnownFileType = sourcecode.c.h; path = elst.h; sourceTree = "<group>"; };
		BC985ECD17E821A0003A0158 /* elst2.h */ = {isa = PBXFileReference; fileEncoding = 4; lastKnownFileType = sourcecode.c.h; path = elst2.h; sourceTree = "<group>"; };
		BC985ECE17E821A0003A0158 /* equationdetect.h */ = {isa = PBXFileReference; fileEncoding = 4; lastKnownFileType = sourcecode.c.h; path = equationdetect.h; sourceTree = "<group>"; };
		BC985ECF17E821A0003A0158 /* errcode.h */ = {isa = PBXFileReference; fileEncoding = 4; lastKnownFileType = sourcecode.c.h; path = errcode.h; sourceTree = "<group>"; };
		BC985ED017E821A0003A0158 /* fileerr.h */ = {isa = PBXFileReference; fileEncoding = 4; lastKnownFileType = sourcecode.c.h; path = fileerr.h; sourceTree = "<group>"; };
		BC985ED117E821A0003A0158 /* fixspace.h */ = {isa = PBXFileReference; fileEncoding = 4; lastKnownFileType = sourcecode.c.h; path = fixspace.h; sourceTree = "<group>"; };
		BC985ED217E821A0003A0158 /* fontinfo.h */ = {isa = PBXFileReference; fileEncoding = 4; lastKnownFileType = sourcecode.c.h; path = fontinfo.h; sourceTree = "<group>"; };
		BC985ED317E821A0003A0158 /* genblob.h */ = {isa = PBXFileReference; fileEncoding = 4; lastKnownFileType = sourcecode.c.h; path = genblob.h; sourceTree = "<group>"; };
		BC985ED417E821A0003A0158 /* genericvector.h */ = {isa = PBXFileReference; fileEncoding = 4; lastKnownFileType = sourcecode.c.h; path = genericvector.h; sourceTree = "<group>"; };
		BC985ED517E821A0003A0158 /* globaloc.h */ = {isa = PBXFileReference; fileEncoding = 4; lastKnownFileType = sourcecode.c.h; path = globaloc.h; sourceTree = "<group>"; };
		BC985ED617E821A0003A0158 /* hashfn.h */ = {isa = PBXFileReference; fileEncoding = 4; lastKnownFileType = sourcecode.c.h; path = hashfn.h; sourceTree = "<group>"; };
		BC985ED717E821A0003A0158 /* helpers.h */ = {isa = PBXFileReference; fileEncoding = 4; lastKnownFileType = sourcecode.c.h; path = helpers.h; sourceTree = "<group>"; };
		BC985ED817E821A0003A0158 /* host.h */ = {isa = PBXFileReference; fileEncoding = 4; lastKnownFileType = sourcecode.c.h; path = host.h; sourceTree = "<group>"; };
		BC985ED917E821A0003A0158 /* hosthplb.h */ = {isa = PBXFileReference; fileEncoding = 4; lastKnownFileType = sourcecode.c.h; path = hosthplb.h; sourceTree = "<group>"; };
		BC985EDA17E821A0003A0158 /* hpddef.h */ = {isa = PBXFileReference; fileEncoding = 4; lastKnownFileType = sourcecode.c.h; path = hpddef.h; sourceTree = "<group>"; };
		BC985EDB17E821A0003A0158 /* hpdsizes.h */ = {isa = PBXFileReference; fileEncoding = 4; lastKnownFileType = sourcecode.c.h; path = hpdsizes.h; sourceTree = "<group>"; };
		BC985EDC17E821A0003A0158 /* imgscale.h */ = {isa = PBXFileReference; fileEncoding = 4; lastKnownFileType = sourcecode.c.h; path = imgscale.h; sourceTree = "<group>"; };
		BC985EDD17E821A0003A0158 /* indexmapbidi.h */ = {isa = PBXFileReference; fileEncoding = 4; lastKnownFileType = sourcecode.c.h; path = indexmapbidi.h; sourceTree = "<group>"; };
		BC985EDE17E821A0003A0158 /* ipoints.h */ = {isa = PBXFileReference; fileEncoding = 4; lastKnownFileType = sourcecode.c.h; path = ipoints.h; sourceTree = "<group>"; };
		BC985EDF17E821A0003A0158 /* linlsq.h */ = {isa = PBXFileReference; fileEncoding = 4; lastKnownFileType = sourcecode.c.h; path = linlsq.h; sourceTree = "<group>"; };
		BC985EE017E821A0003A0158 /* lsterr.h */ = {isa = PBXFileReference; fileEncoding = 4; lastKnownFileType = sourcecode.c.h; path = lsterr.h; sourceTree = "<group>"; };
		BC985EE117E821A0003A0158 /* ltrresultiterator.h */ = {isa = PBXFileReference; fileEncoding = 4; lastKnownFileType = sourcecode.c.h; path = ltrresultiterator.h; sourceTree = "<group>"; };
		BC985EE217E821A0003A0158 /* matrix.h */ = {isa = PBXFileReference; fileEncoding = 4; lastKnownFileType = sourcecode.c.h; path = matrix.h; sourceTree = "<group>"; };
		BC985EE317E821A0003A0158 /* memry.h */ = {isa = PBXFileReference; fileEncoding = 4; lastKnownFileType = sourcecode.c.h; path = memry.h; sourceTree = "<group>"; };
		BC985EE417E821A0003A0158 /* mfcpch.h */ = {isa = PBXFileReference; fileEncoding = 4; lastKnownFileType = sourcecode.c.h; path = mfcpch.h; sourceTree = "<group>"; };
		BC985EE517E821A0003A0158 /* mod128.h */ = {isa = PBXFileReference; fileEncoding = 4; lastKnownFileType = sourcecode.c.h; path = mod128.h; sourceTree = "<group>"; };
		BC985EE617E821A0003A0158 /* mutableiterator.h */ = {isa = PBXFileReference; fileEncoding = 4; lastKnownFileType = sourcecode.c.h; path = mutableiterator.h; sourceTree = "<group>"; };
		BC985EE717E821A0003A0158 /* ndminx.h */ = {isa = PBXFileReference; fileEncoding = 4; lastKnownFileType = sourcecode.c.h; path = ndminx.h; sourceTree = "<group>"; };
		BC985EE817E821A0003A0158 /* normalis.h */ = {isa = PBXFileReference; fileEncoding = 4; lastKnownFileType = sourcecode.c.h; path = normalis.h; sourceTree = "<group>"; };
		BC985EE917E821A0003A0158 /* notdll.h */ = {isa = PBXFileReference; fileEncoding = 4; lastKnownFileType = sourcecode.c.h; path = notdll.h; sourceTree = "<group>"; };
		BC985EEA17E821A0003A0158 /* nwmain.h */ = {isa = PBXFileReference; fileEncoding = 4; lastKnownFileType = sourcecode.c.h; path = nwmain.h; sourceTree = "<group>"; };
		BC985EEB17E821A0003A0158 /* ocrblock.h */ = {isa = PBXFileReference; fileEncoding = 4; lastKnownFileType = sourcecode.c.h; path = ocrblock.h; sourceTree = "<group>"; };
		BC985EEC17E821A0003A0158 /* ocrclass.h */ = {isa = PBXFileReference; fileEncoding = 4; lastKnownFileType = sourcecode.c.h; path = ocrclass.h; sourceTree = "<group>"; };
		BC985EED17E821A0003A0158 /* ocrpara.h */ = {isa = PBXFileReference; fileEncoding = 4; lastKnownFileType = sourcecode.c.h; path = ocrpara.h; sourceTree = "<group>"; };
		BC985EEE17E821A0003A0158 /* ocrrow.h */ = {isa = PBXFileReference; fileEncoding = 4; lastKnownFileType = sourcecode.c.h; path = ocrrow.h; sourceTree = "<group>"; };
		BC985EEF17E821A0003A0158 /* osdetect.h */ = {isa = PBXFileReference; fileEncoding = 4; lastKnownFileType = sourcecode.c.h; path = osdetect.h; sourceTree = "<group>"; };
		BC985EF017E821A0003A0158 /* otsuthr.h */ = {isa = PBXFileReference; fileEncoding = 4; lastKnownFileType = sourcecode.c.h; path = otsuthr.h; sourceTree = "<group>"; };
		BC985EF117E821A0003A0158 /* output.h */ = {isa = PBXFileReference; fileEncoding = 4; lastKnownFileType = sourcecode.c.h; path = output.h; sourceTree = "<group>"; };
		BC985EF217E821A0003A0158 /* pageiterator.h */ = {isa = PBXFileReference; fileEncoding = 4; lastKnownFileType = sourcecode.c.h; path = pageiterator.h; sourceTree = "<group>"; };
		BC985EF317E821A0003A0158 /* pageres.h */ = {isa = PBXFileReference; fileEncoding = 4; lastKnownFileType = sourcecode.c.h; path = pageres.h; sourceTree = "<group>"; };
		BC985EF417E821A0003A0158 /* paragraphs.h */ = {isa = PBXFileReference; fileEncoding = 4; lastKnownFileType = sourcecode.c.h; path = paragraphs.h; sourceTree = "<group>"; };
		BC985EF517E821A0003A0158 /* paragraphs_internal.h */ = {isa = PBXFileReference; fileEncoding = 4; lastKnownFileType = sourcecode.c.h; path = paragraphs_internal.h; sourceTree = "<group>"; };
		BC985EF617E821A0003A0158 /* params.h */ = {isa = PBXFileReference; fileEncoding = 4; lastKnownFileType = sourcecode.c.h; path = params.h; sourceTree = "<group>"; };
		BC985EF717E821A0003A0158 /* params_training_featdef.h */ = {isa = PBXFileReference; fileEncoding = 4; lastKnownFileType = sourcecode.c.h; path = params_training_featdef.h; sourceTree = "<group>"; };
		BC985EF817E821A0003A0158 /* paramsd.h */ = {isa = PBXFileReference; fileEncoding = 4; lastKnownFileType = sourcecode.c.h; path = paramsd.h; sourceTree = "<group>"; };
		BC985EF917E821A0003A0158 /* pdblock.h */ = {isa = PBXFileReference; fileEncoding = 4; lastKnownFileType = sourcecode.c.h; path = pdblock.h; sourceTree = "<group>"; };
		BC985EFA17E821A0003A0158 /* pgedit.h */ = {isa = PBXFileReference; fileEncoding = 4; lastKnownFileType = sourcecode.c.h; path = pgedit.h; sourceTree = "<group>"; };
		BC985EFB17E821A0003A0158 /* platform.h */ = {isa = PBXFileReference; fileEncoding = 4; lastKnownFileType = sourcecode.c.h; path = platform.h; sourceTree = "<group>"; };
		BC985EFC17E821A0003A0158 /* points.h */ = {isa = PBXFileReference; fileEncoding = 4; lastKnownFileType = sourcecode.c.h; path = points.h; sourceTree = "<group>"; };
		BC985EFD17E821A0003A0158 /* polyaprx.h */ = {isa = PBXFileReference; fileEncoding = 4; lastKnownFileType = sourcecode.c.h; path = polyaprx.h; sourceTree = "<group>"; };
		BC985EFE17E821A0003A0158 /* polyblk.h */ = {isa = PBXFileReference; fileEncoding = 4; lastKnownFileType = sourcecode.c.h; path = polyblk.h; sourceTree = "<group>"; };
		BC985EFF17E821A0003A0158 /* publictypes.h */ = {isa = PBXFileReference; fileEncoding = 4; lastKnownFileType = sourcecode.c.h; path = publictypes.h; sourceTree = "<group>"; };
		BC985F0017E821A0003A0158 /* qrsequence.h */ = {isa = PBXFileReference; fileEncoding = 4; lastKnownFileType = sourcecode.c.h; path = qrsequence.h; sourceTree = "<group>"; };
		BC985F0117E821A0003A0158 /* quadlsq.h */ = {isa = PBXFileReference; fileEncoding = 4; lastKnownFileType = sourcecode.c.h; path = quadlsq.h; sourceTree = "<group>"; };
		BC985F0217E821A0003A0158 /* quadratc.h */ = {isa = PBXFileReference; fileEncoding = 4; lastKnownFileType = sourcecode.c.h; path = quadratc.h; sourceTree = "<group>"; };
		BC985F0317E821A0003A0158 /* quspline.h */ = {isa = PBXFileReference; fileEncoding = 4; lastKnownFileType = sourcecode.c.h; path = quspline.h; sourceTree = "<group>"; };
		BC985F0417E821A0003A0158 /* ratngs.h */ = {isa = PBXFileReference; fileEncoding = 4; lastKnownFileType = sourcecode.c.h; path = ratngs.h; sourceTree = "<group>"; };
		BC985F0517E821A0003A0158 /* rect.h */ = {isa = PBXFileReference; fileEncoding = 4; lastKnownFileType = sourcecode.c.h; path = rect.h; sourceTree = "<group>"; };
		BC985F0617E821A0003A0158 /* rejctmap.h */ = {isa = PBXFileReference; fileEncoding = 4; lastKnownFileType = sourcecode.c.h; path = rejctmap.h; sourceTree = "<group>"; };
		BC985F0717E821A0003A0158 /* reject.h */ = {isa = PBXFileReference; fileEncoding = 4; lastKnownFileType = sourcecode.c.h; path = reject.h; sourceTree = "<group>"; };
		BC985F0817E821A0003A0158 /* resultiterator.h */ = {isa = PBXFileReference; fileEncoding = 4; lastKnownFileType = sourcecode.c.h; path = resultiterator.h; sourceTree = "<group>"; };
		BC985F0917E821A0003A0158 /* scaleimg.h */ = {isa = PBXFileReference; fileEncoding = 4; lastKnownFileType = sourcecode.c.h; path = scaleimg.h; sourceTree = "<group>"; };
		BC985F0A17E821A0003A0158 /* scanutils.h */ = {isa = PBXFileReference; fileEncoding = 4; lastKnownFileType = sourcecode.c.h; path = scanutils.h; sourceTree = "<group>"; };
		BC985F0B17E821A0003A0158 /* seam.h */ = {isa = PBXFileReference; fileEncoding = 4; lastKnownFileType = sourcecode.c.h; path = seam.h; sourceTree = "<group>"; };
		BC985F0C17E821A0003A0158 /* secname.h */ = {isa = PBXFileReference; fileEncoding = 4; lastKnownFileType = sourcecode.c.h; path = secname.h; sourceTree = "<group>"; };
		BC985F0D17E821A0003A0158 /* serialis.h */ = {isa = PBXFileReference; fileEncoding = 4; lastKnownFileType = sourcecode.c.h; path = serialis.h; sourceTree = "<group>"; };
		BC985F0E17E821A0003A0158 /* sorthelper.h */ = {isa = PBXFileReference; fileEncoding = 4; lastKnownFileType = sourcecode.c.h; path = sorthelper.h; sourceTree = "<group>"; };
		BC985F0F17E821A0003A0158 /* split.h */ = {isa = PBXFileReference; fileEncoding = 4; lastKnownFileType = sourcecode.c.h; path = split.h; sourceTree = "<group>"; };
		BC985F1017E821A0003A0158 /* statistc.h */ = {isa = PBXFileReference; fileEncoding = 4; lastKnownFileType = sourcecode.c.h; path = statistc.h; sourceTree = "<group>"; };
		BC985F1117E821A0003A0158 /* stderr.h */ = {isa = PBXFileReference; fileEncoding = 4; lastKnownFileType = sourcecode.c.h; path = stderr.h; sourceTree = "<group>"; };
		BC985F1217E821A0003A0158 /* stepblob.h */ = {isa = PBXFileReference; fileEncoding = 4; lastKnownFileType = sourcecode.c.h; path = stepblob.h; sourceTree = "<group>"; };
		BC985F1317E821A0003A0158 /* strngs.h */ = {isa = PBXFileReference; fileEncoding = 4; lastKnownFileType = sourcecode.c.h; path = strngs.h; sourceTree = "<group>"; };
		BC985F1417E821A0003A0158 /* tessbox.h */ = {isa = PBXFileReference; fileEncoding = 4; lastKnownFileType = sourcecode.c.h; path = tessbox.h; sourceTree = "<group>"; };
		BC985F1517E821A0003A0158 /* tesscallback.h */ = {isa = PBXFileReference; fileEncoding = 4; lastKnownFileType = sourcecode.c.h; path = tesscallback.h; sourceTree = "<group>"; };
		BC985F1617E821A0003A0158 /* tessdatamanager.h */ = {isa = PBXFileReference; fileEncoding = 4; lastKnownFileType = sourcecode.c.h; path = tessdatamanager.h; sourceTree = "<group>"; };
		BC985F1717E821A0003A0158 /* tessedit.h */ = {isa = PBXFileReference; fileEncoding = 4; lastKnownFileType = sourcecode.c.h; path = tessedit.h; sourceTree = "<group>"; };
		BC985F1817E821A0003A0158 /* tesseract_cube_combiner.h */ = {isa = PBXFileReference; fileEncoding = 4; lastKnownFileType = sourcecode.c.h; path = tesseract_cube_combiner.h; sourceTree = "<group>"; };
		BC985F1917E821A0003A0158 /* tesseractclass.h */ = {isa = PBXFileReference; fileEncoding = 4; lastKnownFileType = sourcecode.c.h; path = tesseractclass.h; sourceTree = "<group>"; };
		BC985F1A17E821A0003A0158 /* tesseractmain.h */ = {isa = PBXFileReference; fileEncoding = 4; lastKnownFileType = sourcecode.c.h; path = tesseractmain.h; sourceTree = "<group>"; };
		BC985F1B17E821A0003A0158 /* tessvars.h */ = {isa = PBXFileReference; fileEncoding = 4; lastKnownFileType = sourcecode.c.h; path = tessvars.h; sourceTree = "<group>"; };
		BC985F1C17E821A0003A0158 /* tfacep.h */ = {isa = PBXFileReference; fileEncoding = 4; lastKnownFileType = sourcecode.c.h; path = tfacep.h; sourceTree = "<group>"; };
		BC985F1D17E821A0003A0158 /* tfacepp.h */ = {isa = PBXFileReference; fileEncoding = 4; lastKnownFileType = sourcecode.c.h; path = tfacepp.h; sourceTree = "<group>"; };
		BC985F1E17E821A0003A0158 /* thresholder.h */ = {isa = PBXFileReference; fileEncoding = 4; lastKnownFileType = sourcecode.c.h; path = thresholder.h; sourceTree = "<group>"; };
		BC985F1F17E821A0003A0158 /* tprintf.h */ = {isa = PBXFileReference; fileEncoding = 4; lastKnownFileType = sourcecode.c.h; path = tprintf.h; sourceTree = "<group>"; };
		BC985F2017E821A0003A0158 /* unichar.h */ = {isa = PBXFileReference; fileEncoding = 4; lastKnownFileType = sourcecode.c.h; path = unichar.h; sourceTree = "<group>"; };
		BC985F2117E821A0003A0158 /* unicharmap.h */ = {isa = PBXFileReference; fileEncoding = 4; lastKnownFileType = sourcecode.c.h; path = unicharmap.h; sourceTree = "<group>"; };
		BC985F2217E821A0003A0158 /* unicharset.h */ = {isa = PBXFileReference; fileEncoding = 4; lastKnownFileType = sourcecode.c.h; path = unicharset.h; sourceTree = "<group>"; };
		BC985F2317E821A0003A0158 /* unicity_table.h */ = {isa = PBXFileReference; fileEncoding = 4; lastKnownFileType = sourcecode.c.h; path = unicity_table.h; sourceTree = "<group>"; };
		BC985F2417E821A0003A0158 /* unicodes.h */ = {isa = PBXFileReference; fileEncoding = 4; lastKnownFileType = sourcecode.c.h; path = unicodes.h; sourceTree = "<group>"; };
		BC985F2517E821A0003A0158 /* vecfuncs.h */ = {isa = PBXFileReference; fileEncoding = 4; lastKnownFileType = sourcecode.c.h; path = vecfuncs.h; sourceTree = "<group>"; };
		BC985F2617E821A0003A0158 /* werd.h */ = {isa = PBXFileReference; fileEncoding = 4; lastKnownFileType = sourcecode.c.h; path = werd.h; sourceTree = "<group>"; };
		BC985F2717E821A0003A0158 /* werdit.h */ = {isa = PBXFileReference; fileEncoding = 4; lastKnownFileType = sourcecode.c.h; path = werdit.h; sourceTree = "<group>"; };
		BC985F2917E821A0003A0158 /* liblept.a */ = {isa = PBXFileReference; lastKnownFileType = archive.ar; path = liblept.a; sourceTree = "<group>"; };
		BC985F2A17E821A0003A0158 /* libtesseract_all.a */ = {isa = PBXFileReference; lastKnownFileType = archive.ar; path = libtesseract_all.a; sourceTree = "<group>"; };
		BC985F2B17E821A0003A0158 /* Tesseract.h */ = {isa = PBXFileReference; fileEncoding = 4; lastKnownFileType = sourcecode.c.h; path = Tesseract.h; sourceTree = "<group>"; };
		BC985F2C17E821A0003A0158 /* Tesseract.mm */ = {isa = PBXFileReference; fileEncoding = 4; lastKnownFileType = sourcecode.cpp.objcpp; path = Tesseract.mm; sourceTree = "<group>"; };
		BC985F3017E821B4003A0158 /* tessdata */ = {isa = PBXFileReference; lastKnownFileType = folder; path = tessdata; sourceTree = "<group>"; };
/* End PBXFileReference section */

/* Begin PBXFrameworksBuildPhase section */
		BC7A69C317E651F3008771FD /* Frameworks */ = {
			isa = PBXFrameworksBuildPhase;
			buildActionMask = 2147483647;
			files = (
				BC86E8EC17EBC87A00CA792E /* QuartzCore.framework in Frameworks */,
				BC86E8EA17EBC87200CA792E /* AVFoundation.framework in Frameworks */,
				BC86E8E817EBC86B00CA792E /* OpenGLES.framework in Frameworks */,
				BC86E8E617EBC86200CA792E /* CoreVideo.framework in Frameworks */,
				BC86E8E417EBC84C00CA792E /* CoreMedia.framework in Frameworks */,
				BC86E8E217EBC82F00CA792E /* libGPUImage.a in Frameworks */,
				BC985F2D17E821A0003A0158 /* liblept.a in Frameworks */,
				BC7A69CC17E651F3008771FD /* CoreGraphics.framework in Frameworks */,
				BC985F2E17E821A1003A0158 /* libtesseract_all.a in Frameworks */,
				BC7A69CE17E651F3008771FD /* UIKit.framework in Frameworks */,
				BC7A69CA17E651F3008771FD /* Foundation.framework in Frameworks */,
			);
			runOnlyForDeploymentPostprocessing = 0;
		};
		BC7A69E417E651F4008771FD /* Frameworks */ = {
			isa = PBXFrameworksBuildPhase;
			buildActionMask = 2147483647;
			files = (
				BC7A69E917E651F4008771FD /* XCTest.framework in Frameworks */,
				BC7A69EB17E651F4008771FD /* UIKit.framework in Frameworks */,
				BC7A69EA17E651F4008771FD /* Foundation.framework in Frameworks */,
			);
			runOnlyForDeploymentPostprocessing = 0;
		};
/* End PBXFrameworksBuildPhase section */

/* Begin PBXGroup section */
		BC37115E17EBC3A400363F3A /* Products */ = {
			isa = PBXGroup;
			children = (
				BC37116417EBC3A500363F3A /* libGPUImage.a */,
				BC37116617EBC3A500363F3A /* GPUImageTests.octest */,
			);
			name = Products;
			sourceTree = "<group>";
		};
		BC7A69BD17E651F3008771FD = {
			isa = PBXGroup;
			children = (
				BC37115D17EBC3A400363F3A /* GPUImage.xcodeproj */,
				BC7A69CF17E651F4008771FD /* ParkAlarm */,
				BC7A69EE17E651F4008771FD /* ParkAlarmTests */,
				BC7A69C817E651F3008771FD /* Frameworks */,
				BC7A69C717E651F3008771FD /* Products */,
			);
			sourceTree = "<group>";
		};
		BC7A69C717E651F3008771FD /* Products */ = {
			isa = PBXGroup;
			children = (
				BC7A69C617E651F3008771FD /* ParkAlarm.app */,
				BC7A69E717E651F4008771FD /* ParkAlarmTests.xctest */,
			);
			name = Products;
			sourceTree = "<group>";
		};
		BC7A69C817E651F3008771FD /* Frameworks */ = {
			isa = PBXGroup;
			children = (
				BC86E8EB17EBC87A00CA792E /* QuartzCore.framework */,
				BC86E8E917EBC87200CA792E /* AVFoundation.framework */,
				BC86E8E717EBC86B00CA792E /* OpenGLES.framework */,
				BC86E8E517EBC86200CA792E /* CoreVideo.framework */,
				BC86E8E317EBC84C00CA792E /* CoreMedia.framework */,
				BC7A69C917E651F3008771FD /* Foundation.framework */,
				BC7A69CB17E651F3008771FD /* CoreGraphics.framework */,
				BC7A69CD17E651F3008771FD /* UIKit.framework */,
				BC7A69E817E651F4008771FD /* XCTest.framework */,
			);
			name = Frameworks;
			sourceTree = "<group>";
		};
		BC7A69CF17E651F4008771FD /* ParkAlarm */ = {
			isa = PBXGroup;
			children = (
				BC985F3017E821B4003A0158 /* tessdata */,
				BC985E9617E821A0003A0158 /* include */,
				BC985F2817E821A0003A0158 /* lib */,
				BC985F2B17E821A0003A0158 /* Tesseract.h */,
				BC985F2C17E821A0003A0158 /* Tesseract.mm */,
				BC7A69D817E651F4008771FD /* AppDelegate.h */,
				BC7A69D917E651F4008771FD /* AppDelegate.m */,
				BC7A69DB17E651F4008771FD /* Main.storyboard */,
				BC7A69DE17E651F4008771FD /* ViewController.h */,
				BC7A69DF17E651F4008771FD /* ViewController.m */,
				BC7A69E117E651F4008771FD /* Images.xcassets */,
				BC7A69D017E651F4008771FD /* Supporting Files */,
			);
			path = ParkAlarm;
			sourceTree = "<group>";
		};
		BC7A69D017E651F4008771FD /* Supporting Files */ = {
			isa = PBXGroup;
			children = (
				BC1EFA1E17E6C0F300DBB53D /* bg.jpg */,
				BC1EFA1C17E6AE1200DBB53D /* camera.png */,
				BC7A69FE17E65778008771FD /* sound.caf */,
				BC7A69D117E651F4008771FD /* ParkAlarm-Info.plist */,
				BC7A69D217E651F4008771FD /* InfoPlist.strings */,
				BC7A69D517E651F4008771FD /* main.m */,
				BC7A69D717E651F4008771FD /* ParkAlarm-Prefix.pch */,
			);
			name = "Supporting Files";
			sourceTree = "<group>";
		};
		BC7A69EE17E651F4008771FD /* ParkAlarmTests */ = {
			isa = PBXGroup;
			children = (
				BC7A69F417E651F4008771FD /* ParkAlarmTests.m */,
				BC7A69EF17E651F4008771FD /* Supporting Files */,
			);
			path = ParkAlarmTests;
			sourceTree = "<group>";
		};
		BC7A69EF17E651F4008771FD /* Supporting Files */ = {
			isa = PBXGroup;
			children = (
				BC7A69F017E651F4008771FD /* ParkAlarmTests-Info.plist */,
				BC7A69F117E651F4008771FD /* InfoPlist.strings */,
			);
			name = "Supporting Files";
			sourceTree = "<group>";
		};
		BC985E9617E821A0003A0158 /* include */ = {
			isa = PBXGroup;
			children = (
				BC985E9717E821A0003A0158 /* leptonica */,
				BC985EB317E821A0003A0158 /* tesseract */,
			);
			path = include;
			sourceTree = "<group>";
		};
		BC985E9717E821A0003A0158 /* leptonica */ = {
			isa = PBXGroup;
			children = (
				BC985E9817E821A0003A0158 /* allheaders.h */,
				BC985E9917E821A0003A0158 /* alltypes.h */,
				BC985E9A17E821A0003A0158 /* array.h */,
				BC985E9B17E821A0003A0158 /* arrayaccess.h */,
				BC985E9C17E821A0003A0158 /* bbuffer.h */,
				BC985E9D17E821A0003A0158 /* bmf.h */,
				BC985E9E17E821A0003A0158 /* bmp.h */,
				BC985E9F17E821A0003A0158 /* ccbord.h */,
				BC985EA017E821A0003A0158 /* dewarp.h */,
				BC985EA117E821A0003A0158 /* endianness.h */,
				BC985EA217E821A0003A0158 /* environ.h */,
				BC985EA317E821A0003A0158 /* freetype.h */,
				BC985EA417E821A0003A0158 /* gplot.h */,
				BC985EA517E821A0003A0158 /* heap.h */,
				BC985EA617E821A0003A0158 /* imageio.h */,
				BC985EA717E821A0003A0158 /* jbclass.h */,
				BC985EA817E821A0003A0158 /* leptwin.h */,
				BC985EA917E821A0003A0158 /* list.h */,
				BC985EAA17E821A0003A0158 /* morph.h */,
				BC985EAB17E821A0003A0158 /* pix.h */,
				BC985EAC17E821A0003A0158 /* ptra.h */,
				BC985EAD17E821A0003A0158 /* queue.h */,
				BC985EAE17E821A0003A0158 /* readbarcode.h */,
				BC985EAF17E821A0003A0158 /* regutils.h */,
				BC985EB017E821A0003A0158 /* stack.h */,
				BC985EB117E821A0003A0158 /* sudoku.h */,
				BC985EB217E821A0003A0158 /* watershed.h */,
			);
			path = leptonica;
			sourceTree = "<group>";
		};
		BC985EB317E821A0003A0158 /* tesseract */ = {
			isa = PBXGroup;
			children = (
				BC985EB417E821A0003A0158 /* ambigs.h */,
				BC985EB517E821A0003A0158 /* apitypes.h */,
				BC985EB617E821A0003A0158 /* baseapi.h */,
				BC985EB717E821A0003A0158 /* basedir.h */,
				BC985EB817E821A0003A0158 /* bits16.h */,
				BC985EB917E821A0003A0158 /* bitvector.h */,
				BC985EBA17E821A0003A0158 /* blckerr.h */,
				BC985EBB17E821A0003A0158 /* blobbox.h */,
				BC985EBC17E821A0003A0158 /* blobs.h */,
				BC985EBD17E821A0003A0158 /* blread.h */,
				BC985EBE17E821A0003A0158 /* boxread.h */,
				BC985EBF17E821A0003A0158 /* boxword.h */,
				BC985EC017E821A0003A0158 /* capi.h */,
				BC985EC117E821A0003A0158 /* ccstruct.h */,
				BC985EC217E821A0003A0158 /* ccutil.h */,
				BC985EC317E821A0003A0158 /* clst.h */,
				BC985EC417E821A0003A0158 /* control.h */,
				BC985EC517E821A0003A0158 /* coutln.h */,
				BC985EC617E821A0003A0158 /* crakedge.h */,
				BC985EC717E821A0003A0158 /* cube_reco_context.h */,
				BC985EC817E821A0003A0158 /* cubeclassifier.h */,
				BC985EC917E821A0003A0158 /* detlinefit.h */,
				BC985ECA17E821A0003A0158 /* docqual.h */,
				BC985ECB17E821A0003A0158 /* dppoint.h */,
				BC985ECC17E821A0003A0158 /* elst.h */,
				BC985ECD17E821A0003A0158 /* elst2.h */,
				BC985ECE17E821A0003A0158 /* equationdetect.h */,
				BC985ECF17E821A0003A0158 /* errcode.h */,
				BC985ED017E821A0003A0158 /* fileerr.h */,
				BC985ED117E821A0003A0158 /* fixspace.h */,
				BC985ED217E821A0003A0158 /* fontinfo.h */,
				BC985ED317E821A0003A0158 /* genblob.h */,
				BC985ED417E821A0003A0158 /* genericvector.h */,
				BC985ED517E821A0003A0158 /* globaloc.h */,
				BC985ED617E821A0003A0158 /* hashfn.h */,
				BC985ED717E821A0003A0158 /* helpers.h */,
				BC985ED817E821A0003A0158 /* host.h */,
				BC985ED917E821A0003A0158 /* hosthplb.h */,
				BC985EDA17E821A0003A0158 /* hpddef.h */,
				BC985EDB17E821A0003A0158 /* hpdsizes.h */,
				BC985EDC17E821A0003A0158 /* imgscale.h */,
				BC985EDD17E821A0003A0158 /* indexmapbidi.h */,
				BC985EDE17E821A0003A0158 /* ipoints.h */,
				BC985EDF17E821A0003A0158 /* linlsq.h */,
				BC985EE017E821A0003A0158 /* lsterr.h */,
				BC985EE117E821A0003A0158 /* ltrresultiterator.h */,
				BC985EE217E821A0003A0158 /* matrix.h */,
				BC985EE317E821A0003A0158 /* memry.h */,
				BC985EE417E821A0003A0158 /* mfcpch.h */,
				BC985EE517E821A0003A0158 /* mod128.h */,
				BC985EE617E821A0003A0158 /* mutableiterator.h */,
				BC985EE717E821A0003A0158 /* ndminx.h */,
				BC985EE817E821A0003A0158 /* normalis.h */,
				BC985EE917E821A0003A0158 /* notdll.h */,
				BC985EEA17E821A0003A0158 /* nwmain.h */,
				BC985EEB17E821A0003A0158 /* ocrblock.h */,
				BC985EEC17E821A0003A0158 /* ocrclass.h */,
				BC985EED17E821A0003A0158 /* ocrpara.h */,
				BC985EEE17E821A0003A0158 /* ocrrow.h */,
				BC985EEF17E821A0003A0158 /* osdetect.h */,
				BC985EF017E821A0003A0158 /* otsuthr.h */,
				BC985EF117E821A0003A0158 /* output.h */,
				BC985EF217E821A0003A0158 /* pageiterator.h */,
				BC985EF317E821A0003A0158 /* pageres.h */,
				BC985EF417E821A0003A0158 /* paragraphs.h */,
				BC985EF517E821A0003A0158 /* paragraphs_internal.h */,
				BC985EF617E821A0003A0158 /* params.h */,
				BC985EF717E821A0003A0158 /* params_training_featdef.h */,
				BC985EF817E821A0003A0158 /* paramsd.h */,
				BC985EF917E821A0003A0158 /* pdblock.h */,
				BC985EFA17E821A0003A0158 /* pgedit.h */,
				BC985EFB17E821A0003A0158 /* platform.h */,
				BC985EFC17E821A0003A0158 /* points.h */,
				BC985EFD17E821A0003A0158 /* polyaprx.h */,
				BC985EFE17E821A0003A0158 /* polyblk.h */,
				BC985EFF17E821A0003A0158 /* publictypes.h */,
				BC985F0017E821A0003A0158 /* qrsequence.h */,
				BC985F0117E821A0003A0158 /* quadlsq.h */,
				BC985F0217E821A0003A0158 /* quadratc.h */,
				BC985F0317E821A0003A0158 /* quspline.h */,
				BC985F0417E821A0003A0158 /* ratngs.h */,
				BC985F0517E821A0003A0158 /* rect.h */,
				BC985F0617E821A0003A0158 /* rejctmap.h */,
				BC985F0717E821A0003A0158 /* reject.h */,
				BC985F0817E821A0003A0158 /* resultiterator.h */,
				BC985F0917E821A0003A0158 /* scaleimg.h */,
				BC985F0A17E821A0003A0158 /* scanutils.h */,
				BC985F0B17E821A0003A0158 /* seam.h */,
				BC985F0C17E821A0003A0158 /* secname.h */,
				BC985F0D17E821A0003A0158 /* serialis.h */,
				BC985F0E17E821A0003A0158 /* sorthelper.h */,
				BC985F0F17E821A0003A0158 /* split.h */,
				BC985F1017E821A0003A0158 /* statistc.h */,
				BC985F1117E821A0003A0158 /* stderr.h */,
				BC985F1217E821A0003A0158 /* stepblob.h */,
				BC985F1317E821A0003A0158 /* strngs.h */,
				BC985F1417E821A0003A0158 /* tessbox.h */,
				BC985F1517E821A0003A0158 /* tesscallback.h */,
				BC985F1617E821A0003A0158 /* tessdatamanager.h */,
				BC985F1717E821A0003A0158 /* tessedit.h */,
				BC985F1817E821A0003A0158 /* tesseract_cube_combiner.h */,
				BC985F1917E821A0003A0158 /* tesseractclass.h */,
				BC985F1A17E821A0003A0158 /* tesseractmain.h */,
				BC985F1B17E821A0003A0158 /* tessvars.h */,
				BC985F1C17E821A0003A0158 /* tfacep.h */,
				BC985F1D17E821A0003A0158 /* tfacepp.h */,
				BC985F1E17E821A0003A0158 /* thresholder.h */,
				BC985F1F17E821A0003A0158 /* tprintf.h */,
				BC985F2017E821A0003A0158 /* unichar.h */,
				BC985F2117E821A0003A0158 /* unicharmap.h */,
				BC985F2217E821A0003A0158 /* unicharset.h */,
				BC985F2317E821A0003A0158 /* unicity_table.h */,
				BC985F2417E821A0003A0158 /* unicodes.h */,
				BC985F2517E821A0003A0158 /* vecfuncs.h */,
				BC985F2617E821A0003A0158 /* werd.h */,
				BC985F2717E821A0003A0158 /* werdit.h */,
			);
			path = tesseract;
			sourceTree = "<group>";
		};
		BC985F2817E821A0003A0158 /* lib */ = {
			isa = PBXGroup;
			children = (
				BC985F2917E821A0003A0158 /* liblept.a */,
				BC985F2A17E821A0003A0158 /* libtesseract_all.a */,
			);
			path = lib;
			sourceTree = "<group>";
		};
/* End PBXGroup section */

/* Begin PBXNativeTarget section */
		BC7A69C517E651F3008771FD /* ParkAlarm */ = {
			isa = PBXNativeTarget;
			buildConfigurationList = BC7A69F817E651F4008771FD /* Build configuration list for PBXNativeTarget "ParkAlarm" */;
			buildPhases = (
				BC7A69C217E651F3008771FD /* Sources */,
				BC7A69C317E651F3008771FD /* Frameworks */,
				BC7A69C417E651F3008771FD /* Resources */,
			);
			buildRules = (
			);
			dependencies = (
				BC37116817EBC3FD00363F3A /* PBXTargetDependency */,
			);
			name = ParkAlarm;
			productName = ParkAlarm;
			productReference = BC7A69C617E651F3008771FD /* ParkAlarm.app */;
			productType = "com.apple.product-type.application";
		};
		BC7A69E617E651F4008771FD /* ParkAlarmTests */ = {
			isa = PBXNativeTarget;
			buildConfigurationList = BC7A69FB17E651F4008771FD /* Build configuration list for PBXNativeTarget "ParkAlarmTests" */;
			buildPhases = (
				BC7A69E317E651F4008771FD /* Sources */,
				BC7A69E417E651F4008771FD /* Frameworks */,
				BC7A69E517E651F4008771FD /* Resources */,
			);
			buildRules = (
			);
			dependencies = (
				BC7A69ED17E651F4008771FD /* PBXTargetDependency */,
			);
			name = ParkAlarmTests;
			productName = ParkAlarmTests;
			productReference = BC7A69E717E651F4008771FD /* ParkAlarmTests.xctest */;
			productType = "com.apple.product-type.bundle.unit-test";
		};
/* End PBXNativeTarget section */

/* Begin PBXProject section */
		BC7A69BE17E651F3008771FD /* Project object */ = {
			isa = PBXProject;
			attributes = {
				LastUpgradeCheck = 0500;
				ORGANIZATIONNAME = Codetlan;
				TargetAttributes = {
					BC7A69E617E651F4008771FD = {
						TestTargetID = BC7A69C517E651F3008771FD;
					};
				};
			};
			buildConfigurationList = BC7A69C117E651F3008771FD /* Build configuration list for PBXProject "ParkAlarm" */;
			compatibilityVersion = "Xcode 3.2";
			developmentRegion = English;
			hasScannedForEncodings = 0;
			knownRegions = (
				en,
				Base,
			);
			mainGroup = BC7A69BD17E651F3008771FD;
			productRefGroup = BC7A69C717E651F3008771FD /* Products */;
			projectDirPath = "";
			projectReferences = (
				{
					ProductGroup = BC37115E17EBC3A400363F3A /* Products */;
					ProjectRef = BC37115D17EBC3A400363F3A /* GPUImage.xcodeproj */;
				},
			);
			projectRoot = "";
			targets = (
				BC7A69C517E651F3008771FD /* ParkAlarm */,
				BC7A69E617E651F4008771FD /* ParkAlarmTests */,
			);
		};
/* End PBXProject section */

/* Begin PBXReferenceProxy section */
		BC37116417EBC3A500363F3A /* libGPUImage.a */ = {
			isa = PBXReferenceProxy;
			fileType = archive.ar;
			path = libGPUImage.a;
			remoteRef = BC37116317EBC3A500363F3A /* PBXContainerItemProxy */;
			sourceTree = BUILT_PRODUCTS_DIR;
		};
		BC37116617EBC3A500363F3A /* GPUImageTests.octest */ = {
			isa = PBXReferenceProxy;
			fileType = wrapper.cfbundle;
			path = GPUImageTests.octest;
			remoteRef = BC37116517EBC3A500363F3A /* PBXContainerItemProxy */;
			sourceTree = BUILT_PRODUCTS_DIR;
		};
/* End PBXReferenceProxy section */

/* Begin PBXResourcesBuildPhase section */
		BC7A69C417E651F3008771FD /* Resources */ = {
			isa = PBXResourcesBuildPhase;
			buildActionMask = 2147483647;
			files = (
				BC1EFA1D17E6AE1200DBB53D /* camera.png in Resources */,
				BC985F3117E821B4003A0158 /* tessdata in Resources */,
				BC7A69E217E651F4008771FD /* Images.xcassets in Resources */,
				BC7A69FF17E65778008771FD /* sound.caf in Resources */,
				BC7A69D417E651F4008771FD /* InfoPlist.strings in Resources */,
				BC7A69DD17E651F4008771FD /* Main.storyboard in Resources */,
				BC1EFA1F17E6C0F300DBB53D /* bg.jpg in Resources */,
			);
			runOnlyForDeploymentPostprocessing = 0;
		};
		BC7A69E517E651F4008771FD /* Resources */ = {
			isa = PBXResourcesBuildPhase;
			buildActionMask = 2147483647;
			files = (
				BC7A69F317E651F4008771FD /* InfoPlist.strings in Resources */,
			);
			runOnlyForDeploymentPostprocessing = 0;
		};
/* End PBXResourcesBuildPhase section */

/* Begin PBXSourcesBuildPhase section */
		BC7A69C217E651F3008771FD /* Sources */ = {
			isa = PBXSourcesBuildPhase;
			buildActionMask = 2147483647;
			files = (
				BC7A69E017E651F4008771FD /* ViewController.m in Sources */,
				BC7A69DA17E651F4008771FD /* AppDelegate.m in Sources */,
				BC985F2F17E821A1003A0158 /* Tesseract.mm in Sources */,
				BC7A69D617E651F4008771FD /* main.m in Sources */,
			);
			runOnlyForDeploymentPostprocessing = 0;
		};
		BC7A69E317E651F4008771FD /* Sources */ = {
			isa = PBXSourcesBuildPhase;
			buildActionMask = 2147483647;
			files = (
				BC7A69F517E651F4008771FD /* ParkAlarmTests.m in Sources */,
			);
			runOnlyForDeploymentPostprocessing = 0;
		};
/* End PBXSourcesBuildPhase section */

/* Begin PBXTargetDependency section */
		BC37116817EBC3FD00363F3A /* PBXTargetDependency */ = {
			isa = PBXTargetDependency;
			name = GPUImage;
			targetProxy = BC37116717EBC3FD00363F3A /* PBXContainerItemProxy */;
		};
		BC7A69ED17E651F4008771FD /* PBXTargetDependency */ = {
			isa = PBXTargetDependency;
			target = BC7A69C517E651F3008771FD /* ParkAlarm */;
			targetProxy = BC7A69EC17E651F4008771FD /* PBXContainerItemProxy */;
		};
/* End PBXTargetDependency section */

/* Begin PBXVariantGroup section */
		BC7A69D217E651F4008771FD /* InfoPlist.strings */ = {
			isa = PBXVariantGroup;
			children = (
				BC7A69D317E651F4008771FD /* en */,
			);
			name = InfoPlist.strings;
			sourceTree = "<group>";
		};
		BC7A69DB17E651F4008771FD /* Main.storyboard */ = {
			isa = PBXVariantGroup;
			children = (
				BC7A69DC17E651F4008771FD /* Base */,
			);
			name = Main.storyboard;
			sourceTree = "<group>";
		};
		BC7A69F117E651F4008771FD /* InfoPlist.strings */ = {
			isa = PBXVariantGroup;
			children = (
				BC7A69F217E651F4008771FD /* en */,
			);
			name = InfoPlist.strings;
			sourceTree = "<group>";
		};
/* End PBXVariantGroup section */

/* Begin XCBuildConfiguration section */
		BC7A69F617E651F4008771FD /* Debug */ = {
			isa = XCBuildConfiguration;
			buildSettings = {
				ALWAYS_SEARCH_USER_PATHS = NO;
				ARCHS = "$(ARCHS_STANDARD_INCLUDING_64_BIT)";
				CLANG_CXX_LANGUAGE_STANDARD = "gnu++0x";
				CLANG_CXX_LIBRARY = "libc++";
				CLANG_ENABLE_MODULES = YES;
				CLANG_ENABLE_OBJC_ARC = YES;
				CLANG_WARN_BOOL_CONVERSION = YES;
				CLANG_WARN_CONSTANT_CONVERSION = YES;
				CLANG_WARN_DIRECT_OBJC_ISA_USAGE = YES_ERROR;
				CLANG_WARN_EMPTY_BODY = YES;
				CLANG_WARN_ENUM_CONVERSION = YES;
				CLANG_WARN_INT_CONVERSION = YES;
				CLANG_WARN_OBJC_ROOT_CLASS = YES_ERROR;
				CLANG_WARN__DUPLICATE_METHOD_MATCH = YES;
				"CODE_SIGN_IDENTITY[sdk=iphoneos*]" = "iPhone Developer";
				COPY_PHASE_STRIP = NO;
				GCC_C_LANGUAGE_STANDARD = gnu99;
				GCC_DYNAMIC_NO_PIC = NO;
				GCC_OPTIMIZATION_LEVEL = 0;
				GCC_PREPROCESSOR_DEFINITIONS = (
					"DEBUG=1",
					"$(inherited)",
				);
				GCC_SYMBOLS_PRIVATE_EXTERN = NO;
				GCC_WARN_64_TO_32_BIT_CONVERSION = YES;
				GCC_WARN_ABOUT_RETURN_TYPE = YES_ERROR;
				GCC_WARN_UNDECLARED_SELECTOR = YES;
				GCC_WARN_UNINITIALIZED_AUTOS = YES;
				GCC_WARN_UNUSED_FUNCTION = YES;
				GCC_WARN_UNUSED_VARIABLE = YES;
				IPHONEOS_DEPLOYMENT_TARGET = 7.0;
				ONLY_ACTIVE_ARCH = YES;
				SDKROOT = iphoneos;
			};
			name = Debug;
		};
		BC7A69F717E651F4008771FD /* Release */ = {
			isa = XCBuildConfiguration;
			buildSettings = {
				ALWAYS_SEARCH_USER_PATHS = NO;
				ARCHS = "$(ARCHS_STANDARD_INCLUDING_64_BIT)";
				CLANG_CXX_LANGUAGE_STANDARD = "gnu++0x";
				CLANG_CXX_LIBRARY = "libc++";
				CLANG_ENABLE_MODULES = YES;
				CLANG_ENABLE_OBJC_ARC = YES;
				CLANG_WARN_BOOL_CONVERSION = YES;
				CLANG_WARN_CONSTANT_CONVERSION = YES;
				CLANG_WARN_DIRECT_OBJC_ISA_USAGE = YES_ERROR;
				CLANG_WARN_EMPTY_BODY = YES;
				CLANG_WARN_ENUM_CONVERSION = YES;
				CLANG_WARN_INT_CONVERSION = YES;
				CLANG_WARN_OBJC_ROOT_CLASS = YES_ERROR;
				CLANG_WARN__DUPLICATE_METHOD_MATCH = YES;
				"CODE_SIGN_IDENTITY[sdk=iphoneos*]" = "iPhone Developer";
				COPY_PHASE_STRIP = YES;
				ENABLE_NS_ASSERTIONS = NO;
				GCC_C_LANGUAGE_STANDARD = gnu99;
				GCC_WARN_64_TO_32_BIT_CONVERSION = YES;
				GCC_WARN_ABOUT_RETURN_TYPE = YES_ERROR;
				GCC_WARN_UNDECLARED_SELECTOR = YES;
				GCC_WARN_UNINITIALIZED_AUTOS = YES;
				GCC_WARN_UNUSED_FUNCTION = YES;
				GCC_WARN_UNUSED_VARIABLE = YES;
				IPHONEOS_DEPLOYMENT_TARGET = 7.0;
				SDKROOT = iphoneos;
				VALIDATE_PRODUCT = YES;
			};
			name = Release;
		};
		BC7A69F917E651F4008771FD /* Debug */ = {
			isa = XCBuildConfiguration;
			buildSettings = {
				ASSETCATALOG_COMPILER_APPICON_NAME = AppIcon;
				ASSETCATALOG_COMPILER_LAUNCHIMAGE_NAME = LaunchImage;
				CLANG_CXX_LIBRARY = "libstdc++";
				CODE_SIGN_IDENTITY = "iPhone Developer";
				"CODE_SIGN_IDENTITY[sdk=iphoneos*]" = "iPhone Developer";
				GCC_PRECOMPILE_PREFIX_HEADER = YES;
				GCC_PREFIX_HEADER = "ParkAlarm/ParkAlarm-Prefix.pch";
				HEADER_SEARCH_PATHS = (
					"$(inherited)",
					/Applications/Xcode.app/Contents/Developer/Toolchains/XcodeDefault.xctoolchain/usr/include,
					"Submodules/GPUImage/framework/**",
				);
				INFOPLIST_FILE = "ParkAlarm/ParkAlarm-Info.plist";
				IPHONEOS_DEPLOYMENT_TARGET = 7.0;
				LIBRARY_SEARCH_PATHS = (
					"$(inherited)",
					/Users/Kenpachi/Documents/iOS/ParkAlarm/ParkAlarm/ParkAlarm/lib,
				);
				PRODUCT_NAME = "$(TARGET_NAME)";
				PROVISIONING_PROFILE = "";
				WRAPPER_EXTENSION = app;
			};
			name = Debug;
		};
		BC7A69FA17E651F4008771FD /* Release */ = {
			isa = XCBuildConfiguration;
			buildSettings = {
				ASSETCATALOG_COMPILER_APPICON_NAME = AppIcon;
				ASSETCATALOG_COMPILER_LAUNCHIMAGE_NAME = LaunchImage;
				CLANG_CXX_LIBRARY = "libstdc++";
				CODE_SIGN_IDENTITY = "iPhone Developer";
				"CODE_SIGN_IDENTITY[sdk=iphoneos*]" = "iPhone Developer";
				GCC_PRECOMPILE_PREFIX_HEADER = YES;
				GCC_PREFIX_HEADER = "ParkAlarm/ParkAlarm-Prefix.pch";
				HEADER_SEARCH_PATHS = (
					"$(inherited)",
					/Applications/Xcode.app/Contents/Developer/Toolchains/XcodeDefault.xctoolchain/usr/include,
					"Submodules/GPUImage/framework/**",
				);
				INFOPLIST_FILE = "ParkAlarm/ParkAlarm-Info.plist";
				IPHONEOS_DEPLOYMENT_TARGET = 7.0;
				LIBRARY_SEARCH_PATHS = (
					"$(inherited)",
					/Users/Kenpachi/Documents/iOS/ParkAlarm/ParkAlarm/ParkAlarm/lib,
				);
				PRODUCT_NAME = "$(TARGET_NAME)";
				PROVISIONING_PROFILE = "";
				WRAPPER_EXTENSION = app;
			};
			name = Release;
		};
		BC7A69FC17E651F4008771FD /* Debug */ = {
			isa = XCBuildConfiguration;
			buildSettings = {
				ARCHS = "$(ARCHS_STANDARD_INCLUDING_64_BIT)";
				BUNDLE_LOADER = "$(BUILT_PRODUCTS_DIR)/ParkAlarm.app/ParkAlarm";
				FRAMEWORK_SEARCH_PATHS = (
					"$(SDKROOT)/Developer/Library/Frameworks",
					"$(inherited)",
					"$(DEVELOPER_FRAMEWORKS_DIR)",
				);
				GCC_PRECOMPILE_PREFIX_HEADER = YES;
				GCC_PREFIX_HEADER = "ParkAlarm/ParkAlarm-Prefix.pch";
				GCC_PREPROCESSOR_DEFINITIONS = (
					"DEBUG=1",
					"$(inherited)",
				);
				INFOPLIST_FILE = "ParkAlarmTests/ParkAlarmTests-Info.plist";
				PRODUCT_NAME = "$(TARGET_NAME)";
				TEST_HOST = "$(BUNDLE_LOADER)";
				WRAPPER_EXTENSION = xctest;
			};
			name = Debug;
		};
		BC7A69FD17E651F4008771FD /* Release */ = {
			isa = XCBuildConfiguration;
			buildSettings = {
				ARCHS = "$(ARCHS_STANDARD_INCLUDING_64_BIT)";
				BUNDLE_LOADER = "$(BUILT_PRODUCTS_DIR)/ParkAlarm.app/ParkAlarm";
				FRAMEWORK_SEARCH_PATHS = (
					"$(SDKROOT)/Developer/Library/Frameworks",
					"$(inherited)",
					"$(DEVELOPER_FRAMEWORKS_DIR)",
				);
				GCC_PRECOMPILE_PREFIX_HEADER = YES;
				GCC_PREFIX_HEADER = "ParkAlarm/ParkAlarm-Prefix.pch";
				INFOPLIST_FILE = "ParkAlarmTests/ParkAlarmTests-Info.plist";
				PRODUCT_NAME = "$(TARGET_NAME)";
				TEST_HOST = "$(BUNDLE_LOADER)";
				WRAPPER_EXTENSION = xctest;
			};
			name = Release;
		};
/* End XCBuildConfiguration section */

/* Begin XCConfigurationList section */
		BC7A69C117E651F3008771FD /* Build configuration list for PBXProject "ParkAlarm" */ = {
			isa = XCConfigurationList;
			buildConfigurations = (
				BC7A69F617E651F4008771FD /* Debug */,
				BC7A69F717E651F4008771FD /* Release */,
			);
			defaultConfigurationIsVisible = 0;
			defaultConfigurationName = Release;
		};
		BC7A69F817E651F4008771FD /* Build configuration list for PBXNativeTarget "ParkAlarm" */ = {
			isa = XCConfigurationList;
			buildConfigurations = (
				BC7A69F917E651F4008771FD /* Debug */,
				BC7A69FA17E651F4008771FD /* Release */,
			);
			defaultConfigurationIsVisible = 0;
			defaultConfigurationName = Release;
		};
		BC7A69FB17E651F4008771FD /* Build configuration list for PBXNativeTarget "ParkAlarmTests" */ = {
			isa = XCConfigurationList;
			buildConfigurations = (
				BC7A69FC17E651F4008771FD /* Debug */,
				BC7A69FD17E651F4008771FD /* Release */,
			);
			defaultConfigurationIsVisible = 0;
			defaultConfigurationName = Release;
		};
/* End XCConfigurationList section */
	};
	rootObject = BC7A69BE17E651F3008771FD /* Project object */;
}
